
Microsoft Visual Studio Solution File, Format Version 12.00
# Visual Studio 15
VisualStudioVersion = 15.0.26228.4
MinimumVisualStudioVersion = 10.0.40219.1
Project("{8BC9CEB8-8B4A-11D0-8D11-00A0C91BC942}") = "Lecture9LabAssignment1", "Lecture9LabAssignment1\Lecture9LabAssignment1.vcxproj", "{4B74F32D-E26D-4FC7-B950-B862531AFEA2}"
EndProject
Project("{8BC9CEB8-8B4A-11D0-8D11-00A0C91BC942}") = "Lecture9LabAssignment2", "Lecture9LabAssignment2\Lecture9LabAssignment2.vcxproj", "{3ACBCCB0-388B-454E-8ADD-ACD25E2EEBD0}"
EndProject
Global
	GlobalSection(SolutionConfigurationPlatforms) = preSolution
		Debug|x64 = Debug|x64
		Debug|x86 = Debug|x86
		Release|x64 = Release|x64
		Release|x86 = Release|x86
	EndGlobalSection
	GlobalSection(ProjectConfigurationPlatforms) = postSolution
		{4B74F32D-E26D-4FC7-B950-B862531AFEA2}.Debug|x64.ActiveCfg = Debug|x64
		{4B74F32D-E26D-4FC7-B950-B862531AFEA2}.Debug|x64.Build.0 = Debug|x64
		{4B74F32D-E26D-4FC7-B950-B862531AFEA2}.Debug|x86.ActiveCfg = Debug|Win32
		{4B74F32D-E26D-4FC7-B950-B862531AFEA2}.Debug|x86.Build.0 = Debug|Win32
		{4B74F32D-E26D-4FC7-B950-B862531AFEA2}.Release|x64.ActiveCfg = Release|x64
		{4B74F32D-E26D-4FC7-B950-B862531AFEA2}.Release|x64.Build.0 = Release|x64
		{4B74F32D-E26D-4FC7-B950-B862531AFEA2}.Release|x86.ActiveCfg = Release|Win32
		{4B74F32D-E26D-4FC7-B950-B862531AFEA2}.Release|x86.Build.0 = Release|Win32
		{3ACBCCB0-388B-454E-8ADD-ACD25E2EEBD0}.Debug|x64.ActiveCfg = Debug|x64
		{3ACBCCB0-388B-454E-8ADD-ACD25E2EEBD0}.Debug|x64.Build.0 = Debug|x64
		{3ACBCCB0-388B-454E-8ADD-ACD25E2EEBD0}.Debug|x86.ActiveCfg = Debug|Win32
		{3ACBCCB0-388B-454E-8ADD-ACD25E2EEBD0}.Debug|x86.Build.0 = Debug|Win32
		{3ACBCCB0-388B-454E-8ADD-ACD25E2EEBD0}.Release|x64.ActiveCfg = Release|x64
		{3ACBCCB0-388B-454E-8ADD-ACD25E2EEBD0}.Release|x64.Build.0 = Release|x64
		{3ACBCCB0-388B-454E-8ADD-ACD25E2EEBD0}.Release|x86.ActiveCfg = Release|Win32
		{3ACBCCB0-388B-454E-8ADD-ACD25E2EEBD0}.Release|x86.Build.0 = Release|Win32
	EndGlobalSection
	GlobalSection(SolutionProperties) = preSolution
		HideSolutionNode = FALSE
	EndGlobalSection
EndGlobal
